// !$*UTF8*$!
{
	archiveVersion = 1;
	classes = {
	};
	objectVersion = 51;
	objects = {

/* Begin PBXBuildFile section */
		139E80174936F9EB51B9A54E /* Pods_LaunchDarklyFeatureFlagging.framework in Frameworks */ = {isa = PBXBuildFile; fileRef = 749D4A96E8FFB982DB7AF2E5 /* Pods_LaunchDarklyFeatureFlagging.framework */; };
		799505CD2711151300751CD9 /* AppDelegate.swift in Sources */ = {isa = PBXBuildFile; fileRef = 799505CC2711151300751CD9 /* AppDelegate.swift */; };
		799505CF2711151300751CD9 /* SceneDelegate.swift in Sources */ = {isa = PBXBuildFile; fileRef = 799505CE2711151300751CD9 /* SceneDelegate.swift */; };
		799505D62711151600751CD9 /* Assets.xcassets in Resources */ = {isa = PBXBuildFile; fileRef = 799505D52711151600751CD9 /* Assets.xcassets */; };
		799505D92711151600751CD9 /* LaunchScreen.storyboard in Resources */ = {isa = PBXBuildFile; fileRef = 799505D72711151600751CD9 /* LaunchScreen.storyboard */; };
		7997FF3D27141635009A3E63 /* NetworkManager.swift in Sources */ = {isa = PBXBuildFile; fileRef = 7997FF3C27141635009A3E63 /* NetworkManager.swift */; };
		7997FF3F27141640009A3E63 /* PersistenceManager.swift in Sources */ = {isa = PBXBuildFile; fileRef = 7997FF3E27141640009A3E63 /* PersistenceManager.swift */; };
		7997FF4227141654009A3E63 /* Follower.swift in Sources */ = {isa = PBXBuildFile; fileRef = 7997FF4127141654009A3E63 /* Follower.swift */; };
		7997FF4527141660009A3E63 /* User.swift in Sources */ = {isa = PBXBuildFile; fileRef = 7997FF4427141660009A3E63 /* User.swift */; };
		7997FF472714168E009A3E63 /* FavoritesListVC.swift in Sources */ = {isa = PBXBuildFile; fileRef = 7997FF462714168E009A3E63 /* FavoritesListVC.swift */; };
		7997FF4927141692009A3E63 /* FollowerListVC.swift in Sources */ = {isa = PBXBuildFile; fileRef = 7997FF4827141692009A3E63 /* FollowerListVC.swift */; };
		7997FF4B271416A6009A3E63 /* UserInfoVC.swift in Sources */ = {isa = PBXBuildFile; fileRef = 7997FF4A271416A6009A3E63 /* UserInfoVC.swift */; };
		7997FF4D271416B1009A3E63 /* SearchVC.swift in Sources */ = {isa = PBXBuildFile; fileRef = 7997FF4C271416B1009A3E63 /* SearchVC.swift */; };
		7997FF5D27141779009A3E63 /* GFItemInfoVC.swift in Sources */ = {isa = PBXBuildFile; fileRef = 7997FF5C27141779009A3E63 /* GFItemInfoVC.swift */; };
		7997FF5F27141781009A3E63 /* GFRepoItemVC.swift in Sources */ = {isa = PBXBuildFile; fileRef = 7997FF5E27141781009A3E63 /* GFRepoItemVC.swift */; };
		7997FF612714178C009A3E63 /* GFFollowerItemVC.swift in Sources */ = {isa = PBXBuildFile; fileRef = 7997FF602714178C009A3E63 /* GFFollowerItemVC.swift */; };
		7997FF63271417B1009A3E63 /* GFTabBarController.swift in Sources */ = {isa = PBXBuildFile; fileRef = 7997FF62271417B1009A3E63 /* GFTabBarController.swift */; };
		7997FF65271417C2009A3E63 /* GFUserInfoHeaderVC.swift in Sources */ = {isa = PBXBuildFile; fileRef = 7997FF64271417C2009A3E63 /* GFUserInfoHeaderVC.swift */; };
		7997FF67271417D2009A3E63 /* GFDataLoadingVC.swift in Sources */ = {isa = PBXBuildFile; fileRef = 7997FF66271417D2009A3E63 /* GFDataLoadingVC.swift */; };
		7997FF69271417FD009A3E63 /* FollowerCell.swift in Sources */ = {isa = PBXBuildFile; fileRef = 7997FF68271417FD009A3E63 /* FollowerCell.swift */; };
		7997FF6B27141804009A3E63 /* FavoriteCell.swift in Sources */ = {isa = PBXBuildFile; fileRef = 7997FF6A27141804009A3E63 /* FavoriteCell.swift */; };
		7997FF6D27141814009A3E63 /* GFButton.swift in Sources */ = {isa = PBXBuildFile; fileRef = 7997FF6C27141814009A3E63 /* GFButton.swift */; };
		7997FF6F2714181E009A3E63 /* GFTitleLabel.swift in Sources */ = {isa = PBXBuildFile; fileRef = 7997FF6E2714181E009A3E63 /* GFTitleLabel.swift */; };
		7997FF7127141834009A3E63 /* GFSecondaryLabel.swift in Sources */ = {isa = PBXBuildFile; fileRef = 7997FF7027141834009A3E63 /* GFSecondaryLabel.swift */; };
		7997FF732714183B009A3E63 /* GFBodyLabel.swift in Sources */ = {isa = PBXBuildFile; fileRef = 7997FF722714183B009A3E63 /* GFBodyLabel.swift */; };
		7997FF7527141848009A3E63 /* GFAvatarImageView.swift in Sources */ = {isa = PBXBuildFile; fileRef = 7997FF7427141848009A3E63 /* GFAvatarImageView.swift */; };
		7997FF772714185E009A3E63 /* GFTextField.swift in Sources */ = {isa = PBXBuildFile; fileRef = 7997FF762714185E009A3E63 /* GFTextField.swift */; };
		7997FF7927141867009A3E63 /* GFAlertVC.swift in Sources */ = {isa = PBXBuildFile; fileRef = 7997FF7827141867009A3E63 /* GFAlertVC.swift */; };
		7997FF7B2714186D009A3E63 /* GFAlertContainerView.swift in Sources */ = {isa = PBXBuildFile; fileRef = 7997FF7A2714186D009A3E63 /* GFAlertContainerView.swift */; };
		7997FF7D2714187A009A3E63 /* GFEmptyStateView.swift in Sources */ = {isa = PBXBuildFile; fileRef = 7997FF7C2714187A009A3E63 /* GFEmptyStateView.swift */; };
		7997FF7F27141882009A3E63 /* GFItemInfoView.swift in Sources */ = {isa = PBXBuildFile; fileRef = 7997FF7E27141882009A3E63 /* GFItemInfoView.swift */; };
		7997FF812714189C009A3E63 /* GFError.swift in Sources */ = {isa = PBXBuildFile; fileRef = 7997FF802714189C009A3E63 /* GFError.swift */; };
		7997FF83271418A5009A3E63 /* UIHelper.swift in Sources */ = {isa = PBXBuildFile; fileRef = 7997FF82271418A5009A3E63 /* UIHelper.swift */; };
		7997FF85271418AA009A3E63 /* Constants.swift in Sources */ = {isa = PBXBuildFile; fileRef = 7997FF84271418AA009A3E63 /* Constants.swift */; };
		7997FF87271418B3009A3E63 /* Data+Ext.swift in Sources */ = {isa = PBXBuildFile; fileRef = 7997FF86271418B3009A3E63 /* Data+Ext.swift */; };
		7997FF89271418BA009A3E63 /* UIViewController+Ext.swift in Sources */ = {isa = PBXBuildFile; fileRef = 7997FF88271418BA009A3E63 /* UIViewController+Ext.swift */; };
		7997FF8B271418C4009A3E63 /* UIView+Ext.swift in Sources */ = {isa = PBXBuildFile; fileRef = 7997FF8A271418C4009A3E63 /* UIView+Ext.swift */; };
		7997FF8D271418D3009A3E63 /* UITableView+Ext.swift in Sources */ = {isa = PBXBuildFile; fileRef = 7997FF8C271418D3009A3E63 /* UITableView+Ext.swift */; };
/* End PBXBuildFile section */

/* Begin PBXFileReference section */
		749D4A96E8FFB982DB7AF2E5 /* Pods_LaunchDarklyFeatureFlagging.framework */ = {isa = PBXFileReference; explicitFileType = wrapper.framework; includeInIndex = 0; path = Pods_LaunchDarklyFeatureFlagging.framework; sourceTree = BUILT_PRODUCTS_DIR; };
		799505C92711151300751CD9 /* LaunchDarklyFeatureFlagging.app */ = {isa = PBXFileReference; explicitFileType = wrapper.application; includeInIndex = 0; path = LaunchDarklyFeatureFlagging.app; sourceTree = BUILT_PRODUCTS_DIR; };
		799505CC2711151300751CD9 /* AppDelegate.swift */ = {isa = PBXFileReference; lastKnownFileType = sourcecode.swift; path = AppDelegate.swift; sourceTree = "<group>"; };
		799505CE2711151300751CD9 /* SceneDelegate.swift */ = {isa = PBXFileReference; lastKnownFileType = sourcecode.swift; path = SceneDelegate.swift; sourceTree = "<group>"; };
		799505D52711151600751CD9 /* Assets.xcassets */ = {isa = PBXFileReference; lastKnownFileType = folder.assetcatalog; path = Assets.xcassets; sourceTree = "<group>"; };
		799505D82711151600751CD9 /* Base */ = {isa = PBXFileReference; lastKnownFileType = file.storyboard; name = Base; path = Base.lproj/LaunchScreen.storyboard; sourceTree = "<group>"; };
		799505DA2711151600751CD9 /* Info.plist */ = {isa = PBXFileReference; lastKnownFileType = text.plist.xml; path = Info.plist; sourceTree = "<group>"; };
		7997FF3C27141635009A3E63 /* NetworkManager.swift */ = {isa = PBXFileReference; lastKnownFileType = sourcecode.swift; path = NetworkManager.swift; sourceTree = "<group>"; };
		7997FF3E27141640009A3E63 /* PersistenceManager.swift */ = {isa = PBXFileReference; lastKnownFileType = sourcecode.swift; path = PersistenceManager.swift; sourceTree = "<group>"; };
		7997FF4127141654009A3E63 /* Follower.swift */ = {isa = PBXFileReference; lastKnownFileType = sourcecode.swift; path = Follower.swift; sourceTree = "<group>"; };
		7997FF4427141660009A3E63 /* User.swift */ = {isa = PBXFileReference; lastKnownFileType = sourcecode.swift; path = User.swift; sourceTree = "<group>"; };
		7997FF462714168E009A3E63 /* FavoritesListVC.swift */ = {isa = PBXFileReference; lastKnownFileType = sourcecode.swift; path = FavoritesListVC.swift; sourceTree = "<group>"; };
		7997FF4827141692009A3E63 /* FollowerListVC.swift */ = {isa = PBXFileReference; lastKnownFileType = sourcecode.swift; path = FollowerListVC.swift; sourceTree = "<group>"; };
		7997FF4A271416A6009A3E63 /* UserInfoVC.swift */ = {isa = PBXFileReference; lastKnownFileType = sourcecode.swift; path = UserInfoVC.swift; sourceTree = "<group>"; };
		7997FF4C271416B1009A3E63 /* SearchVC.swift */ = {isa = PBXFileReference; lastKnownFileType = sourcecode.swift; path = SearchVC.swift; sourceTree = "<group>"; };
		7997FF5C27141779009A3E63 /* GFItemInfoVC.swift */ = {isa = PBXFileReference; lastKnownFileType = sourcecode.swift; path = GFItemInfoVC.swift; sourceTree = "<group>"; };
		7997FF5E27141781009A3E63 /* GFRepoItemVC.swift */ = {isa = PBXFileReference; lastKnownFileType = sourcecode.swift; path = GFRepoItemVC.swift; sourceTree = "<group>"; };
		7997FF602714178C009A3E63 /* GFFollowerItemVC.swift */ = {isa = PBXFileReference; lastKnownFileType = sourcecode.swift; path = GFFollowerItemVC.swift; sourceTree = "<group>"; };
		7997FF62271417B1009A3E63 /* GFTabBarController.swift */ = {isa = PBXFileReference; lastKnownFileType = sourcecode.swift; path = GFTabBarController.swift; sourceTree = "<group>"; };
		7997FF64271417C2009A3E63 /* GFUserInfoHeaderVC.swift */ = {isa = PBXFileReference; lastKnownFileType = sourcecode.swift; path = GFUserInfoHeaderVC.swift; sourceTree = "<group>"; };
		7997FF66271417D2009A3E63 /* GFDataLoadingVC.swift */ = {isa = PBXFileReference; lastKnownFileType = sourcecode.swift; path = GFDataLoadingVC.swift; sourceTree = "<group>"; };
		7997FF68271417FD009A3E63 /* FollowerCell.swift */ = {isa = PBXFileReference; lastKnownFileType = sourcecode.swift; path = FollowerCell.swift; sourceTree = "<group>"; };
		7997FF6A27141804009A3E63 /* FavoriteCell.swift */ = {isa = PBXFileReference; lastKnownFileType = sourcecode.swift; path = FavoriteCell.swift; sourceTree = "<group>"; };
		7997FF6C27141814009A3E63 /* GFButton.swift */ = {isa = PBXFileReference; lastKnownFileType = sourcecode.swift; path = GFButton.swift; sourceTree = "<group>"; };
		7997FF6E2714181E009A3E63 /* GFTitleLabel.swift */ = {isa = PBXFileReference; lastKnownFileType = sourcecode.swift; path = GFTitleLabel.swift; sourceTree = "<group>"; };
		7997FF7027141834009A3E63 /* GFSecondaryLabel.swift */ = {isa = PBXFileReference; lastKnownFileType = sourcecode.swift; path = GFSecondaryLabel.swift; sourceTree = "<group>"; };
		7997FF722714183B009A3E63 /* GFBodyLabel.swift */ = {isa = PBXFileReference; lastKnownFileType = sourcecode.swift; path = GFBodyLabel.swift; sourceTree = "<group>"; };
		7997FF7427141848009A3E63 /* GFAvatarImageView.swift */ = {isa = PBXFileReference; lastKnownFileType = sourcecode.swift; path = GFAvatarImageView.swift; sourceTree = "<group>"; };
		7997FF762714185E009A3E63 /* GFTextField.swift */ = {isa = PBXFileReference; lastKnownFileType = sourcecode.swift; path = GFTextField.swift; sourceTree = "<group>"; };
		7997FF7827141867009A3E63 /* GFAlertVC.swift */ = {isa = PBXFileReference; lastKnownFileType = sourcecode.swift; path = GFAlertVC.swift; sourceTree = "<group>"; };
		7997FF7A2714186D009A3E63 /* GFAlertContainerView.swift */ = {isa = PBXFileReference; lastKnownFileType = sourcecode.swift; path = GFAlertContainerView.swift; sourceTree = "<group>"; };
		7997FF7C2714187A009A3E63 /* GFEmptyStateView.swift */ = {isa = PBXFileReference; lastKnownFileType = sourcecode.swift; path = GFEmptyStateView.swift; sourceTree = "<group>"; };
		7997FF7E27141882009A3E63 /* GFItemInfoView.swift */ = {isa = PBXFileReference; lastKnownFileType = sourcecode.swift; path = GFItemInfoView.swift; sourceTree = "<group>"; };
		7997FF802714189C009A3E63 /* GFError.swift */ = {isa = PBXFileReference; lastKnownFileType = sourcecode.swift; path = GFError.swift; sourceTree = "<group>"; };
		7997FF82271418A5009A3E63 /* UIHelper.swift */ = {isa = PBXFileReference; lastKnownFileType = sourcecode.swift; path = UIHelper.swift; sourceTree = "<group>"; };
		7997FF84271418AA009A3E63 /* Constants.swift */ = {isa = PBXFileReference; lastKnownFileType = sourcecode.swift; path = Constants.swift; sourceTree = "<group>"; };
		7997FF86271418B3009A3E63 /* Data+Ext.swift */ = {isa = PBXFileReference; lastKnownFileType = sourcecode.swift; path = "Data+Ext.swift"; sourceTree = "<group>"; };
		7997FF88271418BA009A3E63 /* UIViewController+Ext.swift */ = {isa = PBXFileReference; lastKnownFileType = sourcecode.swift; path = "UIViewController+Ext.swift"; sourceTree = "<group>"; };
		7997FF8A271418C4009A3E63 /* UIView+Ext.swift */ = {isa = PBXFileReference; lastKnownFileType = sourcecode.swift; path = "UIView+Ext.swift"; sourceTree = "<group>"; };
		7997FF8C271418D3009A3E63 /* UITableView+Ext.swift */ = {isa = PBXFileReference; lastKnownFileType = sourcecode.swift; path = "UITableView+Ext.swift"; sourceTree = "<group>"; };
		D15F7D4AC2C568C61E85EE60 /* Pods-LaunchDarklyFeatureFlagging.debug.xcconfig */ = {isa = PBXFileReference; includeInIndex = 1; lastKnownFileType = text.xcconfig; name = "Pods-LaunchDarklyFeatureFlagging.debug.xcconfig"; path = "Target Support Files/Pods-LaunchDarklyFeatureFlagging/Pods-LaunchDarklyFeatureFlagging.debug.xcconfig"; sourceTree = "<group>"; };
		EDA9DE45C8A73E229C49B71F /* Pods-LaunchDarklyFeatureFlagging.release.xcconfig */ = {isa = PBXFileReference; includeInIndex = 1; lastKnownFileType = text.xcconfig; name = "Pods-LaunchDarklyFeatureFlagging.release.xcconfig"; path = "Target Support Files/Pods-LaunchDarklyFeatureFlagging/Pods-LaunchDarklyFeatureFlagging.release.xcconfig"; sourceTree = "<group>"; };
/* End PBXFileReference section */

/* Begin PBXFrameworksBuildPhase section */
		799505C62711151300751CD9 /* Frameworks */ = {
			isa = PBXFrameworksBuildPhase;
			buildActionMask = 2147483647;
			files = (
				139E80174936F9EB51B9A54E /* Pods_LaunchDarklyFeatureFlagging.framework in Frameworks */,
			);
			runOnlyForDeploymentPostprocessing = 0;
		};
/* End PBXFrameworksBuildPhase section */

/* Begin PBXGroup section */
		172FF2F974C3A4094AAF92A9 /* Pods */ = {
			isa = PBXGroup;
			children = (
				D15F7D4AC2C568C61E85EE60 /* Pods-LaunchDarklyFeatureFlagging.debug.xcconfig */,
				EDA9DE45C8A73E229C49B71F /* Pods-LaunchDarklyFeatureFlagging.release.xcconfig */,
			);
			path = Pods;
			sourceTree = "<group>";
		};
		5F77857355C3DD720D372FBB /* Frameworks */ = {
			isa = PBXGroup;
			children = (
				749D4A96E8FFB982DB7AF2E5 /* Pods_LaunchDarklyFeatureFlagging.framework */,
			);
			name = Frameworks;
			sourceTree = "<group>";
		};
		799505C02711151300751CD9 = {
			isa = PBXGroup;
			children = (
				799505CB2711151300751CD9 /* LaunchDarklyFeatureFlagging */,
				799505CA2711151300751CD9 /* Products */,
				172FF2F974C3A4094AAF92A9 /* Pods */,
				5F77857355C3DD720D372FBB /* Frameworks */,
			);
			sourceTree = "<group>";
		};
		799505CA2711151300751CD9 /* Products */ = {
			isa = PBXGroup;
			children = (
				799505C92711151300751CD9 /* LaunchDarklyFeatureFlagging.app */,
			);
			name = Products;
			sourceTree = "<group>";
		};
		799505CB2711151300751CD9 /* LaunchDarklyFeatureFlagging */ = {
			isa = PBXGroup;
			children = (
				7997FF3B271415DE009A3E63 /* Managers */,
				7997FF3A271415D9009A3E63 /* Models */,
				799505E127114D6300751CD9 /* Screens */,
				7997FF39271415D3009A3E63 /* Custom Views */,
				7997FF38271415C3009A3E63 /* Utilities and Extensions */,
				799505E02711152400751CD9 /* Resources */,
			);
			path = LaunchDarklyFeatureFlagging;
			sourceTree = "<group>";
		};
		799505E02711152400751CD9 /* Resources */ = {
			isa = PBXGroup;
			children = (
				799505D52711151600751CD9 /* Assets.xcassets */,
				799505DA2711151600751CD9 /* Info.plist */,
				799505CC2711151300751CD9 /* AppDelegate.swift */,
				799505CE2711151300751CD9 /* SceneDelegate.swift */,
				799505D72711151600751CD9 /* LaunchScreen.storyboard */,
			);
			path = Resources;
			sourceTree = "<group>";
		};
		799505E127114D6300751CD9 /* Screens */ = {
			isa = PBXGroup;
			children = (
				7997FF4C271416B1009A3E63 /* SearchVC.swift */,
				7997FF462714168E009A3E63 /* FavoritesListVC.swift */,
				7997FF4827141692009A3E63 /* FollowerListVC.swift */,
				7997FF4A271416A6009A3E63 /* UserInfoVC.swift */,
			);
			path = Screens;
			sourceTree = "<group>";
		};
		7997FF38271415C3009A3E63 /* Utilities and Extensions */ = {
			isa = PBXGroup;
			children = (
				7997FF582714171B009A3E63 /* Utilities */,
				7997FF5A27141749009A3E63 /* Extensions */,
			);
			path = "Utilities and Extensions";
			sourceTree = "<group>";
		};
		7997FF39271415D3009A3E63 /* Custom Views */ = {
			isa = PBXGroup;
			children = (
				7997FF4E271416BE009A3E63 /* View Controllers */,
				7997FF57271416FD009A3E63 /* Cells */,
				7997FF56271416F8009A3E63 /* Buttons */,
				7997FF55271416EF009A3E63 /* Labels */,
				7997FF54271416EA009A3E63 /* ImageViews */,
				7997FF53271416E4009A3E63 /* TextFields */,
				7997FF52271416E1009A3E63 /* Alerts */,
				7997FF51271416DE009A3E63 /* Views */,
				7997FF50271416D7009A3E63 /* TabBarControllers */,
			);
			path = "Custom Views";
			sourceTree = "<group>";
		};
		7997FF3A271415D9009A3E63 /* Models */ = {
			isa = PBXGroup;
			children = (
				7997FF4127141654009A3E63 /* Follower.swift */,
				7997FF4427141660009A3E63 /* User.swift */,
			);
			path = Models;
			sourceTree = "<group>";
		};
		7997FF3B271415DE009A3E63 /* Managers */ = {
			isa = PBXGroup;
			children = (
				7997FF3C27141635009A3E63 /* NetworkManager.swift */,
				7997FF3E27141640009A3E63 /* PersistenceManager.swift */,
			);
			path = Managers;
			sourceTree = "<group>";
		};
		7997FF4E271416BE009A3E63 /* View Controllers */ = {
			isa = PBXGroup;
			children = (
				7997FF64271417C2009A3E63 /* GFUserInfoHeaderVC.swift */,
				7997FF66271417D2009A3E63 /* GFDataLoadingVC.swift */,
				7997FF4F271416C8009A3E63 /* ItemInfoVCs */,
			);
			path = "View Controllers";
			sourceTree = "<group>";
		};
		7997FF4F271416C8009A3E63 /* ItemInfoVCs */ = {
			isa = PBXGroup;
			children = (
				7997FF5C27141779009A3E63 /* GFItemInfoVC.swift */,
				7997FF5E27141781009A3E63 /* GFRepoItemVC.swift */,
				7997FF602714178C009A3E63 /* GFFollowerItemVC.swift */,
			);
			path = ItemInfoVCs;
			sourceTree = "<group>";
		};
		7997FF50271416D7009A3E63 /* TabBarControllers */ = {
			isa = PBXGroup;
			children = (
				7997FF62271417B1009A3E63 /* GFTabBarController.swift */,
			);
			path = TabBarControllers;
			sourceTree = "<group>";
		};
		7997FF51271416DE009A3E63 /* Views */ = {
			isa = PBXGroup;
			children = (
				7997FF7C2714187A009A3E63 /* GFEmptyStateView.swift */,
				7997FF7E27141882009A3E63 /* GFItemInfoView.swift */,
			);
			path = Views;
			sourceTree = "<group>";
		};
		7997FF52271416E1009A3E63 /* Alerts */ = {
			isa = PBXGroup;
			children = (
				7997FF7827141867009A3E63 /* GFAlertVC.swift */,
				7997FF7A2714186D009A3E63 /* GFAlertContainerView.swift */,
			);
			path = Alerts;
			sourceTree = "<group>";
		};
		7997FF53271416E4009A3E63 /* TextFields */ = {
			isa = PBXGroup;
			children = (
				7997FF762714185E009A3E63 /* GFTextField.swift */,
			);
			path = TextFields;
			sourceTree = "<group>";
		};
		7997FF54271416EA009A3E63 /* ImageViews */ = {
			isa = PBXGroup;
			children = (
				7997FF7427141848009A3E63 /* GFAvatarImageView.swift */,
			);
			path = ImageViews;
			sourceTree = "<group>";
		};
		7997FF55271416EF009A3E63 /* Labels */ = {
			isa = PBXGroup;
			children = (
				7997FF6E2714181E009A3E63 /* GFTitleLabel.swift */,
				7997FF7027141834009A3E63 /* GFSecondaryLabel.swift */,
				7997FF722714183B009A3E63 /* GFBodyLabel.swift */,
			);
			path = Labels;
			sourceTree = "<group>";
		};
		7997FF56271416F8009A3E63 /* Buttons */ = {
			isa = PBXGroup;
			children = (
				7997FF6C27141814009A3E63 /* GFButton.swift */,
			);
			path = Buttons;
			sourceTree = "<group>";
		};
		7997FF57271416FD009A3E63 /* Cells */ = {
			isa = PBXGroup;
			children = (
				7997FF68271417FD009A3E63 /* FollowerCell.swift */,
				7997FF6A27141804009A3E63 /* FavoriteCell.swift */,
			);
			path = Cells;
			sourceTree = "<group>";
		};
		7997FF582714171B009A3E63 /* Utilities */ = {
			isa = PBXGroup;
			children = (
				7997FF802714189C009A3E63 /* GFError.swift */,
				7997FF82271418A5009A3E63 /* UIHelper.swift */,
				7997FF84271418AA009A3E63 /* Constants.swift */,
			);
			path = Utilities;
			sourceTree = "<group>";
		};
		7997FF5A27141749009A3E63 /* Extensions */ = {
			isa = PBXGroup;
			children = (
				7997FF86271418B3009A3E63 /* Data+Ext.swift */,
				7997FF88271418BA009A3E63 /* UIViewController+Ext.swift */,
				7997FF8A271418C4009A3E63 /* UIView+Ext.swift */,
				7997FF8C271418D3009A3E63 /* UITableView+Ext.swift */,
			);
			path = Extensions;
			sourceTree = "<group>";
		};
/* End PBXGroup section */

/* Begin PBXNativeTarget section */
		799505C82711151300751CD9 /* LaunchDarklyFeatureFlagging */ = {
			isa = PBXNativeTarget;
			buildConfigurationList = 799505DD2711151600751CD9 /* Build configuration list for PBXNativeTarget "LaunchDarklyFeatureFlagging" */;
			buildPhases = (
				A040B1252AFFFB54F5269C9B /* [CP] Check Pods Manifest.lock */,
				799505C52711151300751CD9 /* Sources */,
				799505C62711151300751CD9 /* Frameworks */,
				799505C72711151300751CD9 /* Resources */,
				AEBE1DBE0FBFB940130469A8 /* [CP] Embed Pods Frameworks */,
			);
			buildRules = (
			);
			dependencies = (
			);
			name = LaunchDarklyFeatureFlagging;
			productName = LaunchDarklyFeatureFlagging;
			productReference = 799505C92711151300751CD9 /* LaunchDarklyFeatureFlagging.app */;
			productType = "com.apple.product-type.application";
		};
/* End PBXNativeTarget section */

/* Begin PBXProject section */
		799505C12711151300751CD9 /* Project object */ = {
			isa = PBXProject;
			attributes = {
				LastSwiftUpdateCheck = 1250;
				LastUpgradeCheck = 1250;
				TargetAttributes = {
					799505C82711151300751CD9 = {
						CreatedOnToolsVersion = 12.5.1;
					};
				};
			};
			buildConfigurationList = 799505C42711151300751CD9 /* Build configuration list for PBXProject "LaunchDarklyFeatureFlagging" */;
			compatibilityVersion = "Xcode 9.3";
			developmentRegion = en;
			hasScannedForEncodings = 0;
			knownRegions = (
				en,
				Base,
			);
			mainGroup = 799505C02711151300751CD9;
			productRefGroup = 799505CA2711151300751CD9 /* Products */;
			projectDirPath = "";
			projectRoot = "";
			targets = (
				799505C82711151300751CD9 /* LaunchDarklyFeatureFlagging */,
			);
		};
/* End PBXProject section */

/* Begin PBXResourcesBuildPhase section */
		799505C72711151300751CD9 /* Resources */ = {
			isa = PBXResourcesBuildPhase;
			buildActionMask = 2147483647;
			files = (
				799505D92711151600751CD9 /* LaunchScreen.storyboard in Resources */,
				799505D62711151600751CD9 /* Assets.xcassets in Resources */,
			);
			runOnlyForDeploymentPostprocessing = 0;
		};
/* End PBXResourcesBuildPhase section */

/* Begin PBXShellScriptBuildPhase section */
		A040B1252AFFFB54F5269C9B /* [CP] Check Pods Manifest.lock */ = {
			isa = PBXShellScriptBuildPhase;
			buildActionMask = 2147483647;
			files = (
			);
			inputFileListPaths = (
			);
			inputPaths = (
				"${PODS_PODFILE_DIR_PATH}/Podfile.lock",
				"${PODS_ROOT}/Manifest.lock",
			);
			name = "[CP] Check Pods Manifest.lock";
			outputFileListPaths = (
			);
			outputPaths = (
				"$(DERIVED_FILE_DIR)/Pods-LaunchDarklyFeatureFlagging-checkManifestLockResult.txt",
			);
			runOnlyForDeploymentPostprocessing = 0;
			shellPath = /bin/sh;
			shellScript = "diff \"${PODS_PODFILE_DIR_PATH}/Podfile.lock\" \"${PODS_ROOT}/Manifest.lock\" > /dev/null\nif [ $? != 0 ] ; then\n    # print error to STDERR\n    echo \"error: The sandbox is not in sync with the Podfile.lock. Run 'pod install' or update your CocoaPods installation.\" >&2\n    exit 1\nfi\n# This output is used by Xcode 'outputs' to avoid re-running this script phase.\necho \"SUCCESS\" > \"${SCRIPT_OUTPUT_FILE_0}\"\n";
			showEnvVarsInLog = 0;
		};
		AEBE1DBE0FBFB940130469A8 /* [CP] Embed Pods Frameworks */ = {
			isa = PBXShellScriptBuildPhase;
			buildActionMask = 2147483647;
			files = (
			);
			inputFileListPaths = (
				"${PODS_ROOT}/Target Support Files/Pods-LaunchDarklyFeatureFlagging/Pods-LaunchDarklyFeatureFlagging-frameworks-${CONFIGURATION}-input-files.xcfilelist",
			);
			name = "[CP] Embed Pods Frameworks";
			outputFileListPaths = (
				"${PODS_ROOT}/Target Support Files/Pods-LaunchDarklyFeatureFlagging/Pods-LaunchDarklyFeatureFlagging-frameworks-${CONFIGURATION}-output-files.xcfilelist",
			);
			runOnlyForDeploymentPostprocessing = 0;
			shellPath = /bin/sh;
			shellScript = "\"${PODS_ROOT}/Target Support Files/Pods-LaunchDarklyFeatureFlagging/Pods-LaunchDarklyFeatureFlagging-frameworks.sh\"\n";
			showEnvVarsInLog = 0;
		};
/* End PBXShellScriptBuildPhase section */

/* Begin PBXSourcesBuildPhase section */
		799505C52711151300751CD9 /* Sources */ = {
			isa = PBXSourcesBuildPhase;
			buildActionMask = 2147483647;
			files = (
				7997FF87271418B3009A3E63 /* Data+Ext.swift in Sources */,
				7997FF7B2714186D009A3E63 /* GFAlertContainerView.swift in Sources */,
				7997FF89271418BA009A3E63 /* UIViewController+Ext.swift in Sources */,
				7997FF83271418A5009A3E63 /* UIHelper.swift in Sources */,
				7997FF7D2714187A009A3E63 /* GFEmptyStateView.swift in Sources */,
				7997FF8D271418D3009A3E63 /* UITableView+Ext.swift in Sources */,
				7997FF7127141834009A3E63 /* GFSecondaryLabel.swift in Sources */,
				7997FF6F2714181E009A3E63 /* GFTitleLabel.swift in Sources */,
				7997FF472714168E009A3E63 /* FavoritesListVC.swift in Sources */,
				7997FF4D271416B1009A3E63 /* SearchVC.swift in Sources */,
				7997FF85271418AA009A3E63 /* Constants.swift in Sources */,
				7997FF3D27141635009A3E63 /* NetworkManager.swift in Sources */,
				7997FF4227141654009A3E63 /* Follower.swift in Sources */,
				7997FF3F27141640009A3E63 /* PersistenceManager.swift in Sources */,
				7997FF6D27141814009A3E63 /* GFButton.swift in Sources */,
				7997FF812714189C009A3E63 /* GFError.swift in Sources */,
				7997FF67271417D2009A3E63 /* GFDataLoadingVC.swift in Sources */,
				7997FF612714178C009A3E63 /* GFFollowerItemVC.swift in Sources */,
				7997FF5D27141779009A3E63 /* GFItemInfoVC.swift in Sources */,
				7997FF63271417B1009A3E63 /* GFTabBarController.swift in Sources */,
				799505CD2711151300751CD9 /* AppDelegate.swift in Sources */,
				7997FF69271417FD009A3E63 /* FollowerCell.swift in Sources */,
				799505CF2711151300751CD9 /* SceneDelegate.swift in Sources */,
				7997FF4927141692009A3E63 /* FollowerListVC.swift in Sources */,
				7997FF772714185E009A3E63 /* GFTextField.swift in Sources */,
				7997FF7F27141882009A3E63 /* GFItemInfoView.swift in Sources */,
				7997FF4527141660009A3E63 /* User.swift in Sources */,
				7997FF6B27141804009A3E63 /* FavoriteCell.swift in Sources */,
				7997FF7927141867009A3E63 /* GFAlertVC.swift in Sources */,
				7997FF65271417C2009A3E63 /* GFUserInfoHeaderVC.swift in Sources */,
				7997FF7527141848009A3E63 /* GFAvatarImageView.swift in Sources */,
				7997FF5F27141781009A3E63 /* GFRepoItemVC.swift in Sources */,
				7997FF8B271418C4009A3E63 /* UIView+Ext.swift in Sources */,
				7997FF732714183B009A3E63 /* GFBodyLabel.swift in Sources */,
				7997FF4B271416A6009A3E63 /* UserInfoVC.swift in Sources */,
			);
			runOnlyForDeploymentPostprocessing = 0;
		};
/* End PBXSourcesBuildPhase section */

/* Begin PBXVariantGroup section */
		799505D72711151600751CD9 /* LaunchScreen.storyboard */ = {
			isa = PBXVariantGroup;
			children = (
				799505D82711151600751CD9 /* Base */,
			);
			name = LaunchScreen.storyboard;
			sourceTree = "<group>";
		};
/* End PBXVariantGroup section */

/* Begin XCBuildConfiguration section */
		799505DB2711151600751CD9 /* Debug */ = {
			isa = XCBuildConfiguration;
			buildSettings = {
				ALWAYS_SEARCH_USER_PATHS = NO;
				CLANG_ANALYZER_NONNULL = YES;
				CLANG_ANALYZER_NUMBER_OBJECT_CONVERSION = YES_AGGRESSIVE;
				CLANG_CXX_LANGUAGE_STANDARD = "gnu++14";
				CLANG_CXX_LIBRARY = "libc++";
				CLANG_ENABLE_MODULES = YES;
				CLANG_ENABLE_OBJC_ARC = YES;
				CLANG_ENABLE_OBJC_WEAK = YES;
				CLANG_WARN_BLOCK_CAPTURE_AUTORELEASING = YES;
				CLANG_WARN_BOOL_CONVERSION = YES;
				CLANG_WARN_COMMA = YES;
				CLANG_WARN_CONSTANT_CONVERSION = YES;
				CLANG_WARN_DEPRECATED_OBJC_IMPLEMENTATIONS = YES;
				CLANG_WARN_DIRECT_OBJC_ISA_USAGE = YES_ERROR;
				CLANG_WARN_DOCUMENTATION_COMMENTS = YES;
				CLANG_WARN_EMPTY_BODY = YES;
				CLANG_WARN_ENUM_CONVERSION = YES;
				CLANG_WARN_INFINITE_RECURSION = YES;
				CLANG_WARN_INT_CONVERSION = YES;
				CLANG_WARN_NON_LITERAL_NULL_CONVERSION = YES;
				CLANG_WARN_OBJC_IMPLICIT_RETAIN_SELF = YES;
				CLANG_WARN_OBJC_LITERAL_CONVERSION = YES;
				CLANG_WARN_OBJC_ROOT_CLASS = YES_ERROR;
				CLANG_WARN_QUOTED_INCLUDE_IN_FRAMEWORK_HEADER = YES;
				CLANG_WARN_RANGE_LOOP_ANALYSIS = YES;
				CLANG_WARN_STRICT_PROTOTYPES = YES;
				CLANG_WARN_SUSPICIOUS_MOVE = YES;
				CLANG_WARN_UNGUARDED_AVAILABILITY = YES_AGGRESSIVE;
				CLANG_WARN_UNREACHABLE_CODE = YES;
				CLANG_WARN__DUPLICATE_METHOD_MATCH = YES;
				COPY_PHASE_STRIP = NO;
				DEBUG_INFORMATION_FORMAT = dwarf;
				ENABLE_STRICT_OBJC_MSGSEND = YES;
				ENABLE_TESTABILITY = YES;
				GCC_C_LANGUAGE_STANDARD = gnu11;
				GCC_DYNAMIC_NO_PIC = NO;
				GCC_NO_COMMON_BLOCKS = YES;
				GCC_OPTIMIZATION_LEVEL = 0;
				GCC_PREPROCESSOR_DEFINITIONS = (
					"DEBUG=1",
					"$(inherited)",
				);
				GCC_WARN_64_TO_32_BIT_CONVERSION = YES;
				GCC_WARN_ABOUT_RETURN_TYPE = YES_ERROR;
				GCC_WARN_UNDECLARED_SELECTOR = YES;
				GCC_WARN_UNINITIALIZED_AUTOS = YES_AGGRESSIVE;
				GCC_WARN_UNUSED_FUNCTION = YES;
				GCC_WARN_UNUSED_VARIABLE = YES;
				IPHONEOS_DEPLOYMENT_TARGET = 14.5;
				MTL_ENABLE_DEBUG_INFO = INCLUDE_SOURCE;
				MTL_FAST_MATH = YES;
				ONLY_ACTIVE_ARCH = YES;
				SDKROOT = iphoneos;
				SWIFT_ACTIVE_COMPILATION_CONDITIONS = DEBUG;
				SWIFT_OPTIMIZATION_LEVEL = "-Onone";
			};
			name = Debug;
		};
		799505DC2711151600751CD9 /* Release */ = {
			isa = XCBuildConfiguration;
			buildSettings = {
				ALWAYS_SEARCH_USER_PATHS = NO;
				CLANG_ANALYZER_NONNULL = YES;
				CLANG_ANALYZER_NUMBER_OBJECT_CONVERSION = YES_AGGRESSIVE;
				CLANG_CXX_LANGUAGE_STANDARD = "gnu++14";
				CLANG_CXX_LIBRARY = "libc++";
				CLANG_ENABLE_MODULES = YES;
				CLANG_ENABLE_OBJC_ARC = YES;
				CLANG_ENABLE_OBJC_WEAK = YES;
				CLANG_WARN_BLOCK_CAPTURE_AUTORELEASING = YES;
				CLANG_WARN_BOOL_CONVERSION = YES;
				CLANG_WARN_COMMA = YES;
				CLANG_WARN_CONSTANT_CONVERSION = YES;
				CLANG_WARN_DEPRECATED_OBJC_IMPLEMENTATIONS = YES;
				CLANG_WARN_DIRECT_OBJC_ISA_USAGE = YES_ERROR;
				CLANG_WARN_DOCUMENTATION_COMMENTS = YES;
				CLANG_WARN_EMPTY_BODY = YES;
				CLANG_WARN_ENUM_CONVERSION = YES;
				CLANG_WARN_INFINITE_RECURSION = YES;
				CLANG_WARN_INT_CONVERSION = YES;
				CLANG_WARN_NON_LITERAL_NULL_CONVERSION = YES;
				CLANG_WARN_OBJC_IMPLICIT_RETAIN_SELF = YES;
				CLANG_WARN_OBJC_LITERAL_CONVERSION = YES;
				CLANG_WARN_OBJC_ROOT_CLASS = YES_ERROR;
				CLANG_WARN_QUOTED_INCLUDE_IN_FRAMEWORK_HEADER = YES;
				CLANG_WARN_RANGE_LOOP_ANALYSIS = YES;
				CLANG_WARN_STRICT_PROTOTYPES = YES;
				CLANG_WARN_SUSPICIOUS_MOVE = YES;
				CLANG_WARN_UNGUARDED_AVAILABILITY = YES_AGGRESSIVE;
				CLANG_WARN_UNREACHABLE_CODE = YES;
				CLANG_WARN__DUPLICATE_METHOD_MATCH = YES;
				COPY_PHASE_STRIP = NO;
				DEBUG_INFORMATION_FORMAT = "dwarf-with-dsym";
				ENABLE_NS_ASSERTIONS = NO;
				ENABLE_STRICT_OBJC_MSGSEND = YES;
				GCC_C_LANGUAGE_STANDARD = gnu11;
				GCC_NO_COMMON_BLOCKS = YES;
				GCC_WARN_64_TO_32_BIT_CONVERSION = YES;
				GCC_WARN_ABOUT_RETURN_TYPE = YES_ERROR;
				GCC_WARN_UNDECLARED_SELECTOR = YES;
				GCC_WARN_UNINITIALIZED_AUTOS = YES_AGGRESSIVE;
				GCC_WARN_UNUSED_FUNCTION = YES;
				GCC_WARN_UNUSED_VARIABLE = YES;
				IPHONEOS_DEPLOYMENT_TARGET = 14.5;
				MTL_ENABLE_DEBUG_INFO = NO;
				MTL_FAST_MATH = YES;
				SDKROOT = iphoneos;
				SWIFT_COMPILATION_MODE = wholemodule;
				SWIFT_OPTIMIZATION_LEVEL = "-O";
				VALIDATE_PRODUCT = YES;
			};
			name = Release;
		};
		799505DE2711151600751CD9 /* Debug */ = {
			isa = XCBuildConfiguration;
			baseConfigurationReference = D15F7D4AC2C568C61E85EE60 /* Pods-LaunchDarklyFeatureFlagging.debug.xcconfig */;
			buildSettings = {
				ASSETCATALOG_COMPILER_APPICON_NAME = AppIcon;
				ASSETCATALOG_COMPILER_GLOBAL_ACCENT_COLOR_NAME = AccentColor;
				CODE_SIGN_STYLE = Automatic;
				DEVELOPMENT_TEAM = 7VVA7JF63G;
				INFOPLIST_FILE = LaunchDarklyFeatureFlagging/Resources/Info.plist;
				LD_RUNPATH_SEARCH_PATHS = (
					"$(inherited)",
					"@executable_path/Frameworks",
				);
				PRODUCT_BUNDLE_IDENTIFIER = com.RiverMccaine.LaunchDarklyFeatureFlagging;
				PRODUCT_NAME = "$(TARGET_NAME)";
				SWIFT_VERSION = 5.0;
				TARGETED_DEVICE_FAMILY = 1;
			};
			name = Debug;
		};
		799505DF2711151600751CD9 /* Release */ = {
			isa = XCBuildConfiguration;
			baseConfigurationReference = EDA9DE45C8A73E229C49B71F /* Pods-LaunchDarklyFeatureFlagging.release.xcconfig */;
			buildSettings = {
				ASSETCATALOG_COMPILER_APPICON_NAME = AppIcon;
				ASSETCATALOG_COMPILER_GLOBAL_ACCENT_COLOR_NAME = AccentColor;
				CODE_SIGN_STYLE = Automatic;
				DEVELOPMENT_TEAM = 7VVA7JF63G;
				INFOPLIST_FILE = LaunchDarklyFeatureFlagging/Resources/Info.plist;
				LD_RUNPATH_SEARCH_PATHS = (
					"$(inherited)",
					"@executable_path/Frameworks",
				);
				PRODUCT_BUNDLE_IDENTIFIER = com.RiverMccaine.LaunchDarklyFeatureFlagging;
				PRODUCT_NAME = "$(TARGET_NAME)";
				SWIFT_VERSION = 5.0;
				TARGETED_DEVICE_FAMILY = 1;
			};
			name = Release;
		};
/* End XCBuildConfiguration section */

/* Begin XCConfigurationList section */
		799505C42711151300751CD9 /* Build configuration list for PBXProject "LaunchDarklyFeatureFlagging" */ = {
			isa = XCConfigurationList;
			buildConfigurations = (
				799505DB2711151600751CD9 /* Debug */,
				799505DC2711151600751CD9 /* Release */,
			);
			defaultConfigurationIsVisible = 0;
			defaultConfigurationName = Release;
		};
		799505DD2711151600751CD9 /* Build configuration list for PBXNativeTarget "LaunchDarklyFeatureFlagging" */ = {
			isa = XCConfigurationList;
			buildConfigurations = (
				799505DE2711151600751CD9 /* Debug */,
				799505DF2711151600751CD9 /* Release */,
			);
			defaultConfigurationIsVisible = 0;
			defaultConfigurationName = Release;
		};
/* End XCConfigurationList section */
	};
	rootObject = 799505C12711151300751CD9 /* Project object */;
}
